
Microsoft Visual Studio Solution File, Format Version 12.00
# Visual Studio 14
VisualStudioVersion = 14.0.24720.0
MinimumVisualStudioVersion = 10.0.40219.1
Project("{FAE04EC0-301F-11D3-BF4B-00C04F79EFBC}") = "testMQProducer", "testMQProducer.csproj", "{9E69D69E-2B75-4AAA-8AF7-3560072E41C2}"
EndProject
Project("{FAE04EC0-301F-11D3-BF4B-00C04F79EFBC}") = "testMQConsumer", "..\testMQConsumer\testMQConsumer.csproj", "{49F6F7C0-9A34-44B5-949C-EB3B40D3DB26}"
EndProject
Global
	GlobalSection(SolutionConfigurationPlatforms) = preSolution
		Debug|Any CPU = Debug|Any CPU
		Release|Any CPU = Release|Any CPU
	EndGlobalSection
	GlobalSection(ProjectConfigurationPlatforms) = postSolution
		{9E69D69E-2B75-4AAA-8AF7-3560072E41C2}.Debug|Any CPU.ActiveCfg = Debug|Any CPU
		{9E69D69E-2B75-4AAA-8AF7-3560072E41C2}.Debug|Any CPU.Build.0 = Debug|Any CPU
		{9E69D69E-2B75-4AAA-8AF7-3560072E41C2}.Release|Any CPU.ActiveCfg = Release|Any CPU
		{9E69D69E-2B75-4AAA-8AF7-3560072E41C2}.Release|Any CPU.Build.0 = Release|Any CPU
		{49F6F7C0-9A34-44B5-949C-EB3B40D3DB26}.Debug|Any CPU.ActiveCfg = Debug|Any CPU
		{49F6F7C0-9A34-44B5-949C-EB3B40D3DB26}.Debug|Any CPU.Build.0 = Debug|Any CPU
		{49F6F7C0-9A34-44B5-949C-EB3B40D3DB26}.Release|Any CPU.ActiveCfg = Release|Any CPU
		{49F6F7C0-9A34-44B5-949C-EB3B40D3DB26}.Release|Any CPU.Build.0 = Release|Any CPU
	EndGlobalSection
	GlobalSection(SolutionProperties) = preSolution
		HideSolutionNode = FALSE
	EndGlobalSection
EndGlobal
